// !$*UTF8*$!
{
	archiveVersion = 1;
	classes = {
	};
	objectVersion = 46;
	objects = {

/* Begin PBXBuildFile section */
		012A8E49026540BD9D05129F /* StreamingMedia.m in Sources */ = {isa = PBXBuildFile; fileRef = CDC04F46711641BA9FBC0A28 /* StreamingMedia.m */; };
		01FCF1EBBA4045228DC5B240 /* Accelerate.framework in Frameworks */ = {isa = PBXBuildFile; fileRef = 9DB58F9B34BD45C98C3E6F82 /* Accelerate.framework */; };
		0207DA581B56EA530066E2B4 /* Images.xcassets in Resources */ = {isa = PBXBuildFile; fileRef = 0207DA571B56EA530066E2B4 /* Images.xcassets */; };
		05330D06469D42E19B94E1BB /* CDVIonicKeyboard.m in Sources */ = {isa = PBXBuildFile; fileRef = 9E3D38DC0C4B43BA8AE1B897 /* CDVIonicKeyboard.m */; };
		0792754BBCE14B09874FBC8B /* libc++.dylib in Frameworks */ = {isa = PBXBuildFile; fileRef = EF3CAA62A2F34AEBA83736CE /* libc++.dylib */; };
		08F17011426D43D88315D7B3 /* libPayPalMobile.a in Frameworks */ = {isa = PBXBuildFile; fileRef = 293BBC1361F04CDDB888763F /* libPayPalMobile.a */; };
		16A1B5DF626A438999E82CFE /* AudioToolbox.framework in Frameworks */ = {isa = PBXBuildFile; fileRef = 960A63B84F674E36B9F72D98 /* AudioToolbox.framework */; };
		171B4342FB4A45839BA4CF4C /* CDVWKWebViewEngine.m in Sources */ = {isa = PBXBuildFile; fileRef = 582F87A67602487EBC32F67F /* CDVWKWebViewEngine.m */; };
		1D3623260D0F684500981E51 /* AppDelegate.m in Sources */ = {isa = PBXBuildFile; fileRef = 1D3623250D0F684500981E51 /* AppDelegate.m */; };
		1D60589B0D05DD56006BFB54 /* main.m in Sources */ = {isa = PBXBuildFile; fileRef = 29B97316FDCFA39411CA2CEA /* main.m */; };
		1E04C33401034C90990BBF69 /* SafariServices.framework in Frameworks */ = {isa = PBXBuildFile; fileRef = D804D0D1761D4CD8AF04BCAD /* SafariServices.framework */; };
		2D4D921A6DB943D6BAFA3AC5 /* PSPDFThreadSafeMutableDictionary.m in Sources */ = {isa = PBXBuildFile; fileRef = C707C4D107D7471FB65FDB21 /* PSPDFThreadSafeMutableDictionary.m */; settings = {COMPILER_FLAGS = "-w"; }; };
		301BF552109A68D80062928A /* libCordova.a in Frameworks */ = {isa = PBXBuildFile; fileRef = 301BF535109A57CC0062928A /* libCordova.a */; };
		302D95F114D2391D003F00A1 /* MainViewController.m in Sources */ = {isa = PBXBuildFile; fileRef = 302D95EF14D2391D003F00A1 /* MainViewController.m */; };
		302D95F214D2391D003F00A1 /* MainViewController.xib in Resources */ = {isa = PBXBuildFile; fileRef = 302D95F014D2391D003F00A1 /* MainViewController.xib */; };
		325574BE15394401815AEEEE /* IonicKeyboard.m in Sources */ = {isa = PBXBuildFile; fileRef = 1F704FB3A1C747B1BD343B71 /* IonicKeyboard.m */; };
		39CFAA76342640BA830FD971 /* CDVDevice.m in Sources */ = {isa = PBXBuildFile; fileRef = 898BCA6B4E24476788D9C898 /* CDVDevice.m */; };
		4103CF4824EB4893BB182E3D /* SystemConfiguration.framework in Frameworks */ = {isa = PBXBuildFile; fileRef = D833F123709A4D22BB38F678 /* SystemConfiguration.framework */; };
		44F74E9EE4824BF09A04C0B8 /* AVFoundation.framework in Frameworks */ = {isa = PBXBuildFile; fileRef = 15CA71D8163F4F6C8D7229BF /* AVFoundation.framework */; };
		4A40E0A1A8184C0A90D12251 /* libz.tbd in Frameworks */ = {isa = PBXBuildFile; fileRef = E0D002D9746344A599E00481 /* libz.tbd */; };
		4AA0CDD5BA4E42EE946D57A6 /* NSString+SSURLEncoding.m in Sources */ = {isa = PBXBuildFile; fileRef = 2DDBF67AC26041BDA99A8FE9 /* NSString+SSURLEncoding.m */; };
		4F47040BD05E4C4C93522E13 /* CoreMedia.framework in Frameworks */ = {isa = PBXBuildFile; fileRef = E891065A8AAA412EBC8F0788 /* CoreMedia.framework */; };
		4FC528E0E99E43B9BEBBFB14 /* UIKit.framework in Frameworks */ = {isa = PBXBuildFile; fileRef = 0E9EDF1A424B4BA68D3E00F3 /* UIKit.framework */; };
		5B2618B2A0F545B59414EF20 /* CoreLocation.framework in Frameworks */ = {isa = PBXBuildFile; fileRef = DFF2FAD51DE34395A7F863A7 /* CoreLocation.framework */; settings = {ATTRIBUTES = (Weak, ); }; };
		5C720B0D85C640DBB4C08940 /* CoreVideo.framework in Frameworks */ = {isa = PBXBuildFile; fileRef = C7B57082A4E447CE837C1303 /* CoreVideo.framework */; };
		5CBCDEF59D9B4BACA41B3CBA /* libCardIO.a in Frameworks */ = {isa = PBXBuildFile; fileRef = CC78F78796164E0FBABDD8A8 /* libCardIO.a */; };
		5F4560BF1D6340CFBEA646A8 /* libopencv_core.a in Frameworks */ = {isa = PBXBuildFile; fileRef = 1E2C0C8380C84D81B863FA34 /* libopencv_core.a */; };
		61D852A0B52C43298C0E51C6 /* Security.framework in Frameworks */ = {isa = PBXBuildFile; fileRef = C02FEA7CA08642A98295BBCE /* Security.framework */; };
		6AFF5BF91D6E424B00AB3073 /* CDVLaunchScreen.storyboard in Resources */ = {isa = PBXBuildFile; fileRef = 6AFF5BF81D6E424B00AB3073 /* CDVLaunchScreen.storyboard */; };
		6B2C11BDA5F046C295BFBF4A /* OpenGLES.framework in Frameworks */ = {isa = PBXBuildFile; fileRef = CF7B45ACC7394A8688D1F66D /* OpenGLES.framework */; };
		760F0B77C3D340A6A8F32E81 /* CardIOCordovaPlugin.m in Sources */ = {isa = PBXBuildFile; fileRef = F76E83D0F15543B8802D0D53 /* CardIOCordovaPlugin.m */; };
		7820F2812BA84A3294B152BB /* GCDWebServerStreamedResponse.m in Sources */ = {isa = PBXBuildFile; fileRef = 54E192DC431F4FA89AB5FC66 /* GCDWebServerStreamedResponse.m */; };
		796D12652D344176970B0202 /* GCDWebServerDataRequest.m in Sources */ = {isa = PBXBuildFile; fileRef = FEFB093E9618479E83B949B5 /* GCDWebServerDataRequest.m */; };
		7E53ABC4A8964B0A99720A5E /* CDVWKWebViewUIDelegate.m in Sources */ = {isa = PBXBuildFile; fileRef = E087127F43EE429CBF7465FA /* CDVWKWebViewUIDelegate.m */; };
		8054E3B16EDE4DE5B0C29AB4 /* CDVWKProcessPoolFactory.m in Sources */ = {isa = PBXBuildFile; fileRef = A1FBB90620D64E36B0EAEC06 /* CDVWKProcessPoolFactory.m */; };
		956269E3447B499AB1E3594D /* GCDWebServerResponse.m in Sources */ = {isa = PBXBuildFile; fileRef = BE4801009E8B40BCABB6F71E /* GCDWebServerResponse.m */; };
		97EFF5FD831A4FD891C85142 /* sqlite3.c in Sources */ = {isa = PBXBuildFile; fileRef = C3B742AF9E50420F9519D536 /* sqlite3.c */; settings = {COMPILER_FLAGS = "-w -DSQLITE_THREADSAFE=1 -DSQLITE_DEFAULT_SYNCHRONOUS=3 -DSQLITE_DEFAULT_MEMSTATUS=0 -DSQLITE_OMIT_DECLTYPE -DSQLITE_OMIT_DEPRECATED -DSQLITE_OMIT_PROGRESS_CALLBACK -DSQLITE_OMIT_SHARED_CACHE -DSQLITE_TEMP_STORE=2 -DSQLITE_OMIT_LOAD_EXTENSION -DSQLITE_ENABLE_FTS3 -DSQLITE_ENABLE_FTS3_PARENTHESIS -DSQLITE_ENABLE_FTS4 -DSQLITE_ENABLE_RTREE -DSQLITE_DEFAULT_PAGE_SIZE=1024 -DSQLITE_DEFAULT_CACHE_SIZE=2000"; }; };
		9CEDA7F7CA454CFD8BFA428E /* PayPalMobileCordovaPlugin.m in Sources */ = {isa = PBXBuildFile; fileRef = 50C5739D5AAC4C2EB8A0EFDB /* PayPalMobileCordovaPlugin.m */; };
		9D0C8EC3030A42DB971829F2 /* SocialSharing.m in Sources */ = {isa = PBXBuildFile; fileRef = C8740F92B4AC421CB6D81717 /* SocialSharing.m */; };
		A4B1C1E980E04A1CB5F8BC12 /* Foundation.framework in Frameworks */ = {isa = PBXBuildFile; fileRef = 41272FA96A384AB893717390 /* Foundation.framework */; };
		AE16EA90954745B8AB9C8B5F /* CDVInAppBrowser.m in Sources */ = {isa = PBXBuildFile; fileRef = 3DF0421F759542B7B12D88ED /* CDVInAppBrowser.m */; };
		B20E5D2000C54C8EBF2AB129 /* QuartzCore.framework in Frameworks */ = {isa = PBXBuildFile; fileRef = 6553333A7EFF48F890660B4C /* QuartzCore.framework */; };
		B7635777593549FEA4AA3C92 /* MediaPlayer.framework in Frameworks */ = {isa = PBXBuildFile; fileRef = 5D146AC56E32417393D2CF05 /* MediaPlayer.framework */; };
		B890E0EDAAEB4288994121DB /* Social.framework in Frameworks */ = {isa = PBXBuildFile; fileRef = EDA445F5D0DF498DBB09D106 /* Social.framework */; settings = {ATTRIBUTES = (Weak, ); }; };
		BA5A3338B8184B55AB9470A3 /* GCDWebServerRequest.m in Sources */ = {isa = PBXBuildFile; fileRef = 6D69377A59D14DEAB953502B /* GCDWebServerRequest.m */; };
		BAF9AB73A54D4A1C8EC41E8B /* libopencv_imgproc.a in Frameworks */ = {isa = PBXBuildFile; fileRef = 72DF21935E624E389324A50D /* libopencv_imgproc.a */; };
		BC90499156DE4DC2A16D2CB9 /* MessageUI.framework in Frameworks */ = {isa = PBXBuildFile; fileRef = FCBFF4CB0E1645F0A8335491 /* MessageUI.framework */; settings = {ATTRIBUTES = (Weak, ); }; };
		C8971C8CFFD642D0B638E681 /* GCDWebServerFileRequest.m in Sources */ = {isa = PBXBuildFile; fileRef = 095127E8D188401587FC75EA /* GCDWebServerFileRequest.m */; };
		D1B7D828836A478485424F81 /* CFNetwork.framework in Frameworks */ = {isa = PBXBuildFile; fileRef = D4A811F8171E47C8A6A9B1D6 /* CFNetwork.framework */; };
		D2552D30A9D44D438AE0373F /* GCDWebServerFunctions.m in Sources */ = {isa = PBXBuildFile; fileRef = C37EC968455C4A7C966953AA /* GCDWebServerFunctions.m */; };
		D7BD321954F244C681A71B8F /* GCDWebServer.m in Sources */ = {isa = PBXBuildFile; fileRef = F396ECD80D714BBF9EB77138 /* GCDWebServer.m */; };
		D7D6789437814CD3858A74DF /* GCDWebServerConnection.m in Sources */ = {isa = PBXBuildFile; fileRef = 891CF7683CA5498A908F89A5 /* GCDWebServerConnection.m */; };
		DC19139B355E4564AD2F5BE2 /* CDVSplashScreen.m in Sources */ = {isa = PBXBuildFile; fileRef = 3278287E134442C583FAA2EE /* CDVSplashScreen.m */; };
		E540C208B04E46489949B60C /* GCDWebServerDataResponse.m in Sources */ = {isa = PBXBuildFile; fileRef = FD45B920DD774EC194242793 /* GCDWebServerDataResponse.m */; };
		E550307A90CC479096C335F1 /* libPayPalMobile.a in Frameworks */ = {isa = PBXBuildFile; fileRef = CEEBEBE2A78C4AFD9E6F2997 /* libPayPalMobile.a */; };
		E7238196249D4629BA509C59 /* CDVViewController+SplashScreen.m in Sources */ = {isa = PBXBuildFile; fileRef = D1F0C59C9EF14181B88BC72B /* CDVViewController+SplashScreen.m */; };
		E82D71C7AD9A4CF2ADC2577B /* SQLitePlugin.m in Sources */ = {isa = PBXBuildFile; fileRef = B351C55B36494455B3C77F90 /* SQLitePlugin.m */; };
		EBAE0B4A5A214F00A8F4CB25 /* GCDWebServerFileResponse.m in Sources */ = {isa = PBXBuildFile; fileRef = 12FD14C390774391B78FEA99 /* GCDWebServerFileResponse.m */; };
		EE663E043D9A4FE3A1F4936E /* GCDWebServerURLEncodedFormRequest.m in Sources */ = {isa = PBXBuildFile; fileRef = 05FC7561B6C34D57861F1613 /* GCDWebServerURLEncodedFormRequest.m */; };
		F298522AD4804474A9BA520C /* GCDWebServerMultiPartFormRequest.m in Sources */ = {isa = PBXBuildFile; fileRef = F097EFF91D0D40F4810DB403 /* GCDWebServerMultiPartFormRequest.m */; };
		F2E4DED663A24C3B81BAAA66 /* GCDWebServerErrorResponse.m in Sources */ = {isa = PBXBuildFile; fileRef = DC8B9872476F40B9B66D251B /* GCDWebServerErrorResponse.m */; };
		F53409E2F26746ABA08A91F8 /* WebKit.framework in Frameworks */ = {isa = PBXBuildFile; fileRef = 6EDB64E29FB747AEAB9F4E9C /* WebKit.framework */; settings = {ATTRIBUTES = (Weak, ); }; };
/* End PBXBuildFile section */

/* Begin PBXContainerItemProxy section */
		301BF534109A57CC0062928A /* PBXContainerItemProxy */ = {
			isa = PBXContainerItemProxy;
			containerPortal = 301BF52D109A57CC0062928A /* CordovaLib/CordovaLib.xcodeproj */;
			proxyType = 2;
			remoteGlobalIDString = D2AAC07E0554694100DB518D;
			remoteInfo = CordovaLib;
		};
		301BF550109A68C00062928A /* PBXContainerItemProxy */ = {
			isa = PBXContainerItemProxy;
			containerPortal = 301BF52D109A57CC0062928A /* CordovaLib/CordovaLib.xcodeproj */;
			proxyType = 1;
			remoteGlobalIDString = D2AAC07D0554694100DB518D;
			remoteInfo = CordovaLib;
		};
		551552C320AA9E5D00918BDA /* PBXContainerItemProxy */ = {
			isa = PBXContainerItemProxy;
			containerPortal = 301BF52D109A57CC0062928A /* CordovaLib/CordovaLib.xcodeproj */;
			proxyType = 2;
			remoteGlobalIDString = C0C01EB21E3911D50056E6CB;
			remoteInfo = Cordova;
		};
/* End PBXContainerItemProxy section */

/* Begin PBXCopyFilesBuildPhase section */
		552EBDAA20AD32F000C7805C /* Embed App Extensions */ = {
			isa = PBXCopyFilesBuildPhase;
			buildActionMask = 2147483647;
			dstPath = "";
			dstSubfolderSpec = 13;
			files = (
			);
			name = "Embed App Extensions";
			runOnlyForDeploymentPostprocessing = 0;
		};
/* End PBXCopyFilesBuildPhase section */

/* Begin PBXFileReference section */
		0207DA571B56EA530066E2B4 /* Images.xcassets */ = {isa = PBXFileReference; lastKnownFileType = folder.assetcatalog; name = Images.xcassets; path = Progetto/Images.xcassets; sourceTree = SOURCE_ROOT; };
		05FC7561B6C34D57861F1613 /* GCDWebServerURLEncodedFormRequest.m */ = {isa = PBXFileReference; explicitFileType = undefined; fileEncoding = 4; includeInIndex = 0; lastKnownFileType = sourcecode.c.objc; name = GCDWebServerURLEncodedFormRequest.m; path = "cordova-plugin-ionic-webview/GCDWebServerURLEncodedFormRequest.m"; sourceTree = "<group>"; };
		095127E8D188401587FC75EA /* GCDWebServerFileRequest.m */ = {isa = PBXFileReference; explicitFileType = undefined; fileEncoding = 4; includeInIndex = 0; lastKnownFileType = sourcecode.c.objc; name = GCDWebServerFileRequest.m; path = "cordova-plugin-ionic-webview/GCDWebServerFileRequest.m"; sourceTree = "<group>"; };
		098777488EFB41C18E9F81BD /* CardIOPaymentViewControllerDelegate.h */ = {isa = PBXFileReference; explicitFileType = undefined; fileEncoding = 4; includeInIndex = 0; lastKnownFileType = sourcecode.c.h; name = CardIOPaymentViewControllerDelegate.h; path = card.io.cordova.mobilesdk/CardIOPaymentViewControllerDelegate.h; sourceTree = "<group>"; };
		0E9EDF1A424B4BA68D3E00F3 /* UIKit.framework */ = {isa = PBXFileReference; explicitFileType = undefined; fileEncoding = 9; includeInIndex = 0; lastKnownFileType = wrapper.framework; name = UIKit.framework; path = System/Library/Frameworks/UIKit.framework; sourceTree = SDKROOT; };
		0EC5EECEB450494599F7AD6E /* PayPalPaymentViewController.h */ = {isa = PBXFileReference; explicitFileType = undefined; fileEncoding = 4; includeInIndex = 0; lastKnownFileType = sourcecode.c.h; name = PayPalPaymentViewController.h; path = com.paypal.cordova.mobilesdk/PayPalPaymentViewController.h; sourceTree = "<group>"; };
		12FD14C390774391B78FEA99 /* GCDWebServerFileResponse.m */ = {isa = PBXFileReference; explicitFileType = undefined; fileEncoding = 4; includeInIndex = 0; lastKnownFileType = sourcecode.c.objc; name = GCDWebServerFileResponse.m; path = "cordova-plugin-ionic-webview/GCDWebServerFileResponse.m"; sourceTree = "<group>"; };
		15CA71D8163F4F6C8D7229BF /* AVFoundation.framework */ = {isa = PBXFileReference; explicitFileType = undefined; fileEncoding = 9; includeInIndex = 0; lastKnownFileType = wrapper.framework; name = AVFoundation.framework; path = System/Library/Frameworks/AVFoundation.framework; sourceTree = SDKROOT; };
		1BCBC32313914059B8618E5E /* GCDWebServerURLEncodedFormRequest.h */ = {isa = PBXFileReference; explicitFileType = undefined; fileEncoding = 4; includeInIndex = 0; lastKnownFileType = sourcecode.c.h; name = GCDWebServerURLEncodedFormRequest.h; path = "cordova-plugin-ionic-webview/GCDWebServerURLEncodedFormRequest.h"; sourceTree = "<group>"; };
		1D014C450E054E4696451B67 /* IonicKeyboard.h */ = {isa = PBXFileReference; explicitFileType = undefined; fileEncoding = 4; includeInIndex = 0; lastKnownFileType = sourcecode.c.h; name = IonicKeyboard.h; path = "ionic-plugin-keyboard/IonicKeyboard.h"; sourceTree = "<group>"; };
		1D3623240D0F684500981E51 /* AppDelegate.h */ = {isa = PBXFileReference; fileEncoding = 4; lastKnownFileType = sourcecode.c.h; path = AppDelegate.h; sourceTree = "<group>"; };
		1D3623250D0F684500981E51 /* AppDelegate.m */ = {isa = PBXFileReference; fileEncoding = 4; lastKnownFileType = sourcecode.c.objc; path = AppDelegate.m; sourceTree = "<group>"; };
		1D6058910D05DD3D006BFB54 /* Progetto.app */ = {isa = PBXFileReference; explicitFileType = wrapper.application; includeInIndex = 0; path = Progetto.app; sourceTree = BUILT_PRODUCTS_DIR; };
		1E2C0C8380C84D81B863FA34 /* libopencv_core.a */ = {isa = PBXFileReference; explicitFileType = undefined; fileEncoding = 9; includeInIndex = 0; lastKnownFileType = archive.ar; name = libopencv_core.a; path = Progetto/Plugins/card.io.cordova.mobilesdk/libopencv_core.a; sourceTree = "<group>"; };
		1EE6F0DAC18F48B29F00D8AC /* CDVWKProcessPoolFactory.h */ = {isa = PBXFileReference; explicitFileType = undefined; fileEncoding = 4; includeInIndex = 0; lastKnownFileType = sourcecode.c.h; name = CDVWKProcessPoolFactory.h; path = "cordova-plugin-ionic-webview/CDVWKProcessPoolFactory.h"; sourceTree = "<group>"; };
		1F704FB3A1C747B1BD343B71 /* IonicKeyboard.m */ = {isa = PBXFileReference; explicitFileType = undefined; fileEncoding = 4; includeInIndex = 0; lastKnownFileType = sourcecode.c.objc; name = IonicKeyboard.m; path = "ionic-plugin-keyboard/IonicKeyboard.m"; sourceTree = "<group>"; };
		20147A8EFF8844438F7A82D8 /* CDVViewController+SplashScreen.h */ = {isa = PBXFileReference; explicitFileType = undefined; fileEncoding = 4; includeInIndex = 0; lastKnownFileType = sourcecode.c.h; name = "CDVViewController+SplashScreen.h"; path = "cordova-plugin-splashscreen/CDVViewController+SplashScreen.h"; sourceTree = "<group>"; };
		22684F76E28246F1AA83BE95 /* CDVSplashScreen.h */ = {isa = PBXFileReference; explicitFileType = undefined; fileEncoding = 4; includeInIndex = 0; lastKnownFileType = sourcecode.c.h; name = CDVSplashScreen.h; path = "cordova-plugin-splashscreen/CDVSplashScreen.h"; sourceTree = "<group>"; };
		293BBC1361F04CDDB888763F /* libPayPalMobile.a */ = {isa = PBXFileReference; explicitFileType = undefined; fileEncoding = 9; includeInIndex = 0; lastKnownFileType = archive.ar; name = libPayPalMobile.a; path = Progetto/Plugins/com.paypal.cordova.mobilesdk/libPayPalMobile.a; sourceTree = "<group>"; };
		29B97316FDCFA39411CA2CEA /* main.m */ = {isa = PBXFileReference; fileEncoding = 4; lastKnownFileType = sourcecode.c.objc; path = main.m; sourceTree = "<group>"; };
		2DDBF67AC26041BDA99A8FE9 /* NSString+SSURLEncoding.m */ = {isa = PBXFileReference; explicitFileType = undefined; fileEncoding = 4; includeInIndex = 0; lastKnownFileType = sourcecode.c.objc; name = "NSString+SSURLEncoding.m"; path = "cordova-plugin-x-socialsharing/NSString+SSURLEncoding.m"; sourceTree = "<group>"; };
		301BF52D109A57CC0062928A /* CordovaLib/CordovaLib.xcodeproj */ = {isa = PBXFileReference; lastKnownFileType = "wrapper.pb-project"; path = CordovaLib/CordovaLib.xcodeproj; sourceTree = "<group>"; };
		301BF56E109A69640062928A /* www */ = {isa = PBXFileReference; lastKnownFileType = folder; path = www; sourceTree = SOURCE_ROOT; };
		302D95EE14D2391D003F00A1 /* MainViewController.h */ = {isa = PBXFileReference; fileEncoding = 4; lastKnownFileType = sourcecode.c.h; path = MainViewController.h; sourceTree = "<group>"; };
		302D95EF14D2391D003F00A1 /* MainViewController.m */ = {isa = PBXFileReference; fileEncoding = 4; lastKnownFileType = sourcecode.c.objc; path = MainViewController.m; sourceTree = "<group>"; };
		302D95F014D2391D003F00A1 /* MainViewController.xib */ = {isa = PBXFileReference; fileEncoding = 4; lastKnownFileType = file.xib; path = MainViewController.xib; sourceTree = "<group>"; };
		3047A50F1AB8059700498E2A /* build-debug.xcconfig */ = {isa = PBXFileReference; fileEncoding = 4; lastKnownFileType = text.xcconfig; name = "build-debug.xcconfig"; path = "cordova/build-debug.xcconfig"; sourceTree = SOURCE_ROOT; };
		3047A5101AB8059700498E2A /* build-release.xcconfig */ = {isa = PBXFileReference; fileEncoding = 4; lastKnownFileType = text.xcconfig; name = "build-release.xcconfig"; path = "cordova/build-release.xcconfig"; sourceTree = SOURCE_ROOT; };
		3047A5111AB8059700498E2A /* build.xcconfig */ = {isa = PBXFileReference; fileEncoding = 4; lastKnownFileType = text.xcconfig; name = build.xcconfig; path = cordova/build.xcconfig; sourceTree = SOURCE_ROOT; };
		30F25FBF037249FC9985083D /* CardIOUtilities.h */ = {isa = PBXFileReference; explicitFileType = undefined; fileEncoding = 4; includeInIndex = 0; lastKnownFileType = sourcecode.c.h; name = CardIOUtilities.h; path = card.io.cordova.mobilesdk/CardIOUtilities.h; sourceTree = "<group>"; };
		317CE11F34FB4930B321BD68 /* PSPDFThreadSafeMutableDictionary.h */ = {isa = PBXFileReference; explicitFileType = undefined; fileEncoding = 4; includeInIndex = 0; lastKnownFileType = sourcecode.c.h; name = PSPDFThreadSafeMutableDictionary.h; path = "cordova-sqlite-storage/PSPDFThreadSafeMutableDictionary.h"; sourceTree = "<group>"; };
		3278287E134442C583FAA2EE /* CDVSplashScreen.m */ = {isa = PBXFileReference; explicitFileType = undefined; fileEncoding = 4; includeInIndex = 0; lastKnownFileType = sourcecode.c.objc; name = CDVSplashScreen.m; path = "cordova-plugin-splashscreen/CDVSplashScreen.m"; sourceTree = "<group>"; };
		32CA4F630368D1EE00C91783 /* Progetto-Prefix.pch */ = {isa = PBXFileReference; fileEncoding = 4; lastKnownFileType = sourcecode.c.h; path = "Progetto-Prefix.pch"; sourceTree = "<group>"; };
		3300E5626EB4494A8111156E /* GCDWebServerFileResponse.h */ = {isa = PBXFileReference; explicitFileType = undefined; fileEncoding = 4; includeInIndex = 0; lastKnownFileType = sourcecode.c.h; name = GCDWebServerFileResponse.h; path = "cordova-plugin-ionic-webview/GCDWebServerFileResponse.h"; sourceTree = "<group>"; };
		3CB6A4ED2250494483A9EF82 /* CDVWKWebViewUIDelegate.h */ = {isa = PBXFileReference; explicitFileType = undefined; fileEncoding = 4; includeInIndex = 0; lastKnownFileType = sourcecode.c.h; name = CDVWKWebViewUIDelegate.h; path = "cordova-plugin-ionic-webview/CDVWKWebViewUIDelegate.h"; sourceTree = "<group>"; };
		3DB4C9D037F8449FBF81FA38 /* CDVIonicKeyboard.h */ = {isa = PBXFileReference; explicitFileType = undefined; fileEncoding = 4; includeInIndex = 0; lastKnownFileType = sourcecode.c.h; name = CDVIonicKeyboard.h; path = "cordova-plugin-ionic-keyboard/CDVIonicKeyboard.h"; sourceTree = "<group>"; };
		3DF0421F759542B7B12D88ED /* CDVInAppBrowser.m */ = {isa = PBXFileReference; explicitFileType = undefined; fileEncoding = 4; includeInIndex = 0; lastKnownFileType = sourcecode.c.objc; name = CDVInAppBrowser.m; path = "cordova-plugin-inappbrowser/CDVInAppBrowser.m"; sourceTree = "<group>"; };
		41272FA96A384AB893717390 /* Foundation.framework */ = {isa = PBXFileReference; explicitFileType = undefined; fileEncoding = 9; includeInIndex = 0; lastKnownFileType = wrapper.framework; name = Foundation.framework; path = System/Library/Frameworks/Foundation.framework; sourceTree = SDKROOT; };
		460E16267029446FA58F2011 /* StreamingMedia.h */ = {isa = PBXFileReference; explicitFileType = undefined; fileEncoding = 4; includeInIndex = 0; lastKnownFileType = sourcecode.c.h; name = StreamingMedia.h; path = com.hutchind.cordova.plugins.streamingmedia/StreamingMedia.h; sourceTree = "<group>"; };
		4FE1C5533508413494426629 /* PayPalMobile.h */ = {isa = PBXFileReference; explicitFileType = undefined; fileEncoding = 4; includeInIndex = 0; lastKnownFileType = sourcecode.c.h; name = PayPalMobile.h; path = com.paypal.cordova.mobilesdk/PayPalMobile.h; sourceTree = "<group>"; };
		50C5739D5AAC4C2EB8A0EFDB /* PayPalMobileCordovaPlugin.m */ = {isa = PBXFileReference; explicitFileType = undefined; fileEncoding = 4; includeInIndex = 0; lastKnownFileType = sourcecode.c.objc; name = PayPalMobileCordovaPlugin.m; path = com.paypal.cordova.mobilesdk/PayPalMobileCordovaPlugin.m; sourceTree = "<group>"; };
		54E192DC431F4FA89AB5FC66 /* GCDWebServerStreamedResponse.m */ = {isa = PBXFileReference; explicitFileType = undefined; fileEncoding = 4; includeInIndex = 0; lastKnownFileType = sourcecode.c.objc; name = GCDWebServerStreamedResponse.m; path = "cordova-plugin-ionic-webview/GCDWebServerStreamedResponse.m"; sourceTree = "<group>"; };
		552EBD9820AD32F000C7805C /* UserNotifications.framework */ = {isa = PBXFileReference; lastKnownFileType = wrapper.framework; name = UserNotifications.framework; path = System/Library/Frameworks/UserNotifications.framework; sourceTree = SDKROOT; };
		552EBD9A20AD32F000C7805C /* UserNotificationsUI.framework */ = {isa = PBXFileReference; lastKnownFileType = wrapper.framework; name = UserNotificationsUI.framework; path = System/Library/Frameworks/UserNotificationsUI.framework; sourceTree = SDKROOT; };
		552EBD9D20AD32F000C7805C /* NotificationViewController.h */ = {isa = PBXFileReference; lastKnownFileType = sourcecode.c.h; path = NotificationViewController.h; sourceTree = "<group>"; };
		552EBD9E20AD32F000C7805C /* NotificationViewController.m */ = {isa = PBXFileReference; lastKnownFileType = sourcecode.c.objc; path = NotificationViewController.m; sourceTree = "<group>"; };
		552EBDA120AD32F000C7805C /* Base */ = {isa = PBXFileReference; lastKnownFileType = file.storyboard; name = Base; path = Base.lproj/MainInterface.storyboard; sourceTree = "<group>"; };
		552EBDA320AD32F000C7805C /* Info.plist */ = {isa = PBXFileReference; lastKnownFileType = text.plist.xml; path = Info.plist; sourceTree = "<group>"; };
		582F87A67602487EBC32F67F /* CDVWKWebViewEngine.m */ = {isa = PBXFileReference; explicitFileType = undefined; fileEncoding = 4; includeInIndex = 0; lastKnownFileType = sourcecode.c.objc; name = CDVWKWebViewEngine.m; path = "cordova-plugin-ionic-webview/CDVWKWebViewEngine.m"; sourceTree = "<group>"; };
		5D146AC56E32417393D2CF05 /* MediaPlayer.framework */ = {isa = PBXFileReference; explicitFileType = undefined; fileEncoding = 9; includeInIndex = 0; lastKnownFileType = wrapper.framework; name = MediaPlayer.framework; path = System/Library/Frameworks/MediaPlayer.framework; sourceTree = SDKROOT; };
		5E8583FE5E5B481E95A7F68B /* CardIOCreditCardInfo.h */ = {isa = PBXFileReference; explicitFileType = undefined; fileEncoding = 4; includeInIndex = 0; lastKnownFileType = sourcecode.c.h; name = CardIOCreditCardInfo.h; path = card.io.cordova.mobilesdk/CardIOCreditCardInfo.h; sourceTree = "<group>"; };
		6044967F8133457CBDBD90E6 /* CDVDevice.h */ = {isa = PBXFileReference; explicitFileType = undefined; fileEncoding = 4; includeInIndex = 0; lastKnownFileType = sourcecode.c.h; name = CDVDevice.h; path = "cordova-plugin-device/CDVDevice.h"; sourceTree = "<group>"; };
		64674737F84E4BA9B53DADED /* GCDWebServerFunctions.h */ = {isa = PBXFileReference; explicitFileType = undefined; fileEncoding = 4; includeInIndex = 0; lastKnownFileType = sourcecode.c.h; name = GCDWebServerFunctions.h; path = "cordova-plugin-ionic-webview/GCDWebServerFunctions.h"; sourceTree = "<group>"; };
		6553333A7EFF48F890660B4C /* QuartzCore.framework */ = {isa = PBXFileReference; explicitFileType = undefined; fileEncoding = 9; includeInIndex = 0; lastKnownFileType = wrapper.framework; name = QuartzCore.framework; path = System/Library/Frameworks/QuartzCore.framework; sourceTree = SDKROOT; };
		6AFF5BF81D6E424B00AB3073 /* CDVLaunchScreen.storyboard */ = {isa = PBXFileReference; fileEncoding = 4; lastKnownFileType = file.storyboard; name = CDVLaunchScreen.storyboard; path = Progetto/CDVLaunchScreen.storyboard; sourceTree = SOURCE_ROOT; };
		6D69377A59D14DEAB953502B /* GCDWebServerRequest.m */ = {isa = PBXFileReference; explicitFileType = undefined; fileEncoding = 4; includeInIndex = 0; lastKnownFileType = sourcecode.c.objc; name = GCDWebServerRequest.m; path = "cordova-plugin-ionic-webview/GCDWebServerRequest.m"; sourceTree = "<group>"; };
		6EDB64E29FB747AEAB9F4E9C /* WebKit.framework */ = {isa = PBXFileReference; explicitFileType = undefined; fileEncoding = 9; includeInIndex = 0; lastKnownFileType = wrapper.framework; name = WebKit.framework; path = System/Library/Frameworks/WebKit.framework; sourceTree = SDKROOT; };
		700DC9412FF24A4FA8D74ADB /* GCDWebServerConnection.h */ = {isa = PBXFileReference; explicitFileType = undefined; fileEncoding = 4; includeInIndex = 0; lastKnownFileType = sourcecode.c.h; name = GCDWebServerConnection.h; path = "cordova-plugin-ionic-webview/GCDWebServerConnection.h"; sourceTree = "<group>"; };
		72DF21935E624E389324A50D /* libopencv_imgproc.a */ = {isa = PBXFileReference; explicitFileType = undefined; fileEncoding = 9; includeInIndex = 0; lastKnownFileType = archive.ar; name = libopencv_imgproc.a; path = Progetto/Plugins/card.io.cordova.mobilesdk/libopencv_imgproc.a; sourceTree = "<group>"; };
		7B56915E84F24A548AEFEFDC /* CardIO.h */ = {isa = PBXFileReference; explicitFileType = undefined; fileEncoding = 4; includeInIndex = 0; lastKnownFileType = sourcecode.c.h; name = CardIO.h; path = card.io.cordova.mobilesdk/CardIO.h; sourceTree = "<group>"; };
		7FCAE290ED564A4EAC363490 /* PayPalConfiguration.h */ = {isa = PBXFileReference; explicitFileType = undefined; fileEncoding = 4; includeInIndex = 0; lastKnownFileType = sourcecode.c.h; name = PayPalConfiguration.h; path = com.paypal.cordova.mobilesdk/PayPalConfiguration.h; sourceTree = "<group>"; };
		844F998CAF88473DB606630F /* CardIOPaymentViewController.h */ = {isa = PBXFileReference; explicitFileType = undefined; fileEncoding = 4; includeInIndex = 0; lastKnownFileType = sourcecode.c.h; name = CardIOPaymentViewController.h; path = card.io.cordova.mobilesdk/CardIOPaymentViewController.h; sourceTree = "<group>"; };
		891CF7683CA5498A908F89A5 /* GCDWebServerConnection.m */ = {isa = PBXFileReference; explicitFileType = undefined; fileEncoding = 4; includeInIndex = 0; lastKnownFileType = sourcecode.c.objc; name = GCDWebServerConnection.m; path = "cordova-plugin-ionic-webview/GCDWebServerConnection.m"; sourceTree = "<group>"; };
		898BCA6B4E24476788D9C898 /* CDVDevice.m */ = {isa = PBXFileReference; explicitFileType = undefined; fileEncoding = 4; includeInIndex = 0; lastKnownFileType = sourcecode.c.objc; name = CDVDevice.m; path = "cordova-plugin-device/CDVDevice.m"; sourceTree = "<group>"; };
		8D1107310486CEB800E47090 /* Progetto-Info.plist */ = {isa = PBXFileReference; fileEncoding = 4; lastKnownFileType = text.plist.xml; name = "Progetto-Info.plist"; path = "Progetto/Progetto-Info.plist"; plistStructureDefinitionIdentifier = "com.apple.xcode.plist.structure-definition.iphone.info-plist"; sourceTree = SOURCE_ROOT; };
		910A724D63FD47C18E978C88 /* CDVWKWebViewEngine.h */ = {isa = PBXFileReference; explicitFileType = undefined; fileEncoding = 4; includeInIndex = 0; lastKnownFileType = sourcecode.c.h; name = CDVWKWebViewEngine.h; path = "cordova-plugin-ionic-webview/CDVWKWebViewEngine.h"; sourceTree = "<group>"; };
		93FB0EF16DC54BBFBBAD4031 /* SocialSharing.h */ = {isa = PBXFileReference; explicitFileType = undefined; fileEncoding = 4; includeInIndex = 0; lastKnownFileType = sourcecode.c.h; name = SocialSharing.h; path = "cordova-plugin-x-socialsharing/SocialSharing.h"; sourceTree = "<group>"; };
		9520E4D2B2444ADABBC8684E /* sqlite3.h */ = {isa = PBXFileReference; explicitFileType = undefined; fileEncoding = 4; includeInIndex = 0; lastKnownFileType = sourcecode.c.h; name = sqlite3.h; path = "cordova-sqlite-storage/sqlite3.h"; sourceTree = "<group>"; };
		960A63B84F674E36B9F72D98 /* AudioToolbox.framework */ = {isa = PBXFileReference; explicitFileType = undefined; fileEncoding = 9; includeInIndex = 0; lastKnownFileType = wrapper.framework; name = AudioToolbox.framework; path = System/Library/Frameworks/AudioToolbox.framework; sourceTree = SDKROOT; };
		9DB58F9B34BD45C98C3E6F82 /* Accelerate.framework */ = {isa = PBXFileReference; explicitFileType = undefined; fileEncoding = 9; includeInIndex = 0; lastKnownFileType = wrapper.framework; name = Accelerate.framework; path = System/Library/Frameworks/Accelerate.framework; sourceTree = SDKROOT; };
		9E3D38DC0C4B43BA8AE1B897 /* CDVIonicKeyboard.m */ = {isa = PBXFileReference; explicitFileType = undefined; fileEncoding = 4; includeInIndex = 0; lastKnownFileType = sourcecode.c.objc; name = CDVIonicKeyboard.m; path = "cordova-plugin-ionic-keyboard/CDVIonicKeyboard.m"; sourceTree = "<group>"; };
		9F0379A8553448B9AA3D1062 /* PayPalOAuthScopes.h */ = {isa = PBXFileReference; explicitFileType = undefined; fileEncoding = 4; includeInIndex = 0; lastKnownFileType = sourcecode.c.h; name = PayPalOAuthScopes.h; path = com.paypal.cordova.mobilesdk/PayPalOAuthScopes.h; sourceTree = "<group>"; };
		A0CA730FC6F7474D97D93B09 /* GCDWebServerMultiPartFormRequest.h */ = {isa = PBXFileReference; explicitFileType = undefined; fileEncoding = 4; includeInIndex = 0; lastKnownFileType = sourcecode.c.h; name = GCDWebServerMultiPartFormRequest.h; path = "cordova-plugin-ionic-webview/GCDWebServerMultiPartFormRequest.h"; sourceTree = "<group>"; };
		A1FBB90620D64E36B0EAEC06 /* CDVWKProcessPoolFactory.m */ = {isa = PBXFileReference; explicitFileType = undefined; fileEncoding = 4; includeInIndex = 0; lastKnownFileType = sourcecode.c.objc; name = CDVWKProcessPoolFactory.m; path = "cordova-plugin-ionic-webview/CDVWKProcessPoolFactory.m"; sourceTree = "<group>"; };
		A63AD16A73A7496CA2B0097E /* PayPalFuturePaymentViewController.h */ = {isa = PBXFileReference; explicitFileType = undefined; fileEncoding = 4; includeInIndex = 0; lastKnownFileType = sourcecode.c.h; name = PayPalFuturePaymentViewController.h; path = com.paypal.cordova.mobilesdk/PayPalFuturePaymentViewController.h; sourceTree = "<group>"; };
		A9577C95CF2C46208888EC7C /* CardIOViewDelegate.h */ = {isa = PBXFileReference; explicitFileType = undefined; fileEncoding = 4; includeInIndex = 0; lastKnownFileType = sourcecode.c.h; name = CardIOViewDelegate.h; path = card.io.cordova.mobilesdk/CardIOViewDelegate.h; sourceTree = "<group>"; };
		AA8F43E0389A4343B3443097 /* PayPalPayment.h */ = {isa = PBXFileReference; explicitFileType = undefined; fileEncoding = 4; includeInIndex = 0; lastKnownFileType = sourcecode.c.h; name = PayPalPayment.h; path = com.paypal.cordova.mobilesdk/PayPalPayment.h; sourceTree = "<group>"; };
		AF54A92B125A4BD690BF55DE /* PayPalProfileSharingViewController.h */ = {isa = PBXFileReference; explicitFileType = undefined; fileEncoding = 4; includeInIndex = 0; lastKnownFileType = sourcecode.c.h; name = PayPalProfileSharingViewController.h; path = com.paypal.cordova.mobilesdk/PayPalProfileSharingViewController.h; sourceTree = "<group>"; };
		B03666B4A29E452DA1AA9726 /* GCDWebServer.h */ = {isa = PBXFileReference; explicitFileType = undefined; fileEncoding = 4; includeInIndex = 0; lastKnownFileType = sourcecode.c.h; name = GCDWebServer.h; path = "cordova-plugin-ionic-webview/GCDWebServer.h"; sourceTree = "<group>"; };
		B31FE0333ABD48698A1C7C34 /* NSString+SSURLEncoding.h */ = {isa = PBXFileReference; explicitFileType = undefined; fileEncoding = 4; includeInIndex = 0; lastKnownFileType = sourcecode.c.h; name = "NSString+SSURLEncoding.h"; path = "cordova-plugin-x-socialsharing/NSString+SSURLEncoding.h"; sourceTree = "<group>"; };
		B351C55B36494455B3C77F90 /* SQLitePlugin.m */ = {isa = PBXFileReference; explicitFileType = undefined; fileEncoding = 4; includeInIndex = 0; lastKnownFileType = sourcecode.c.objc; name = SQLitePlugin.m; path = "cordova-sqlite-storage/SQLitePlugin.m"; sourceTree = "<group>"; };
		B84143678C6D49388237BE09 /* GCDWebServerPrivate.h */ = {isa = PBXFileReference; explicitFileType = undefined; fileEncoding = 4; includeInIndex = 0; lastKnownFileType = sourcecode.c.h; name = GCDWebServerPrivate.h; path = "cordova-plugin-ionic-webview/GCDWebServerPrivate.h"; sourceTree = "<group>"; };
		BE4801009E8B40BCABB6F71E /* GCDWebServerResponse.m */ = {isa = PBXFileReference; explicitFileType = undefined; fileEncoding = 4; includeInIndex = 0; lastKnownFileType = sourcecode.c.objc; name = GCDWebServerResponse.m; path = "cordova-plugin-ionic-webview/GCDWebServerResponse.m"; sourceTree = "<group>"; };
		C02FEA7CA08642A98295BBCE /* Security.framework */ = {isa = PBXFileReference; explicitFileType = undefined; fileEncoding = 9; includeInIndex = 0; lastKnownFileType = wrapper.framework; name = Security.framework; path = System/Library/Frameworks/Security.framework; sourceTree = SDKROOT; };
		C375E0EDAA574366BA8D0867 /* GCDWebServerErrorResponse.h */ = {isa = PBXFileReference; explicitFileType = undefined; fileEncoding = 4; includeInIndex = 0; lastKnownFileType = sourcecode.c.h; name = GCDWebServerErrorResponse.h; path = "cordova-plugin-ionic-webview/GCDWebServerErrorResponse.h"; sourceTree = "<group>"; };
		C37EC968455C4A7C966953AA /* GCDWebServerFunctions.m */ = {isa = PBXFileReference; explicitFileType = undefined; fileEncoding = 4; includeInIndex = 0; lastKnownFileType = sourcecode.c.objc; name = GCDWebServerFunctions.m; path = "cordova-plugin-ionic-webview/GCDWebServerFunctions.m"; sourceTree = "<group>"; };
		C3B742AF9E50420F9519D536 /* sqlite3.c */ = {isa = PBXFileReference; explicitFileType = undefined; fileEncoding = 9; includeInIndex = 0; lastKnownFileType = unknown; name = sqlite3.c; path = "cordova-sqlite-storage/sqlite3.c"; sourceTree = "<group>"; };
		C6B19BB02F0E4EC1802269E9 /* GCDWebServerDataRequest.h */ = {isa = PBXFileReference; explicitFileType = undefined; fileEncoding = 4; includeInIndex = 0; lastKnownFileType = sourcecode.c.h; name = GCDWebServerDataRequest.h; path = "cordova-plugin-ionic-webview/GCDWebServerDataRequest.h"; sourceTree = "<group>"; };
		C707C4D107D7471FB65FDB21 /* PSPDFThreadSafeMutableDictionary.m */ = {isa = PBXFileReference; explicitFileType = undefined; fileEncoding = 4; includeInIndex = 0; lastKnownFileType = sourcecode.c.objc; name = PSPDFThreadSafeMutableDictionary.m; path = "cordova-sqlite-storage/PSPDFThreadSafeMutableDictionary.m"; sourceTree = "<group>"; };
		C7B57082A4E447CE837C1303 /* CoreVideo.framework */ = {isa = PBXFileReference; explicitFileType = undefined; fileEncoding = 9; includeInIndex = 0; lastKnownFileType = wrapper.framework; name = CoreVideo.framework; path = System/Library/Frameworks/CoreVideo.framework; sourceTree = SDKROOT; };
		C8740F92B4AC421CB6D81717 /* SocialSharing.m */ = {isa = PBXFileReference; explicitFileType = undefined; fileEncoding = 4; includeInIndex = 0; lastKnownFileType = sourcecode.c.objc; name = SocialSharing.m; path = "cordova-plugin-x-socialsharing/SocialSharing.m"; sourceTree = "<group>"; };
		CA64C5D8156E4FE4A6A10866 /* GCDWebServerFileRequest.h */ = {isa = PBXFileReference; explicitFileType = undefined; fileEncoding = 4; includeInIndex = 0; lastKnownFileType = sourcecode.c.h; name = GCDWebServerFileRequest.h; path = "cordova-plugin-ionic-webview/GCDWebServerFileRequest.h"; sourceTree = "<group>"; };
		CC78F78796164E0FBABDD8A8 /* libCardIO.a */ = {isa = PBXFileReference; explicitFileType = undefined; fileEncoding = 9; includeInIndex = 0; lastKnownFileType = archive.ar; name = libCardIO.a; path = Progetto/Plugins/card.io.cordova.mobilesdk/libCardIO.a; sourceTree = "<group>"; };
		CDC04F46711641BA9FBC0A28 /* StreamingMedia.m */ = {isa = PBXFileReference; explicitFileType = undefined; fileEncoding = 4; includeInIndex = 0; lastKnownFileType = sourcecode.c.objc; name = StreamingMedia.m; path = com.hutchind.cordova.plugins.streamingmedia/StreamingMedia.m; sourceTree = "<group>"; };
		CEB823ACD0664E4584FB9D4D /* CDVInAppBrowser.h */ = {isa = PBXFileReference; explicitFileType = undefined; fileEncoding = 4; includeInIndex = 0; lastKnownFileType = sourcecode.c.h; name = CDVInAppBrowser.h; path = "cordova-plugin-inappbrowser/CDVInAppBrowser.h"; sourceTree = "<group>"; };
		CEEBEBE2A78C4AFD9E6F2997 /* libPayPalMobile.a */ = {isa = PBXFileReference; explicitFileType = undefined; fileEncoding = 9; includeInIndex = 0; lastKnownFileType = archive.ar; path = libPayPalMobile.a; sourceTree = "<group>"; };
		CF7B45ACC7394A8688D1F66D /* OpenGLES.framework */ = {isa = PBXFileReference; explicitFileType = undefined; fileEncoding = 9; includeInIndex = 0; lastKnownFileType = wrapper.framework; name = OpenGLES.framework; path = System/Library/Frameworks/OpenGLES.framework; sourceTree = SDKROOT; };
		CF80061A9CF14A119D0B3F21 /* CardIOCordovaPlugin.h */ = {isa = PBXFileReference; explicitFileType = undefined; fileEncoding = 4; includeInIndex = 0; lastKnownFileType = sourcecode.c.h; name = CardIOCordovaPlugin.h; path = card.io.cordova.mobilesdk/CardIOCordovaPlugin.h; sourceTree = "<group>"; };
		D10960E44FD7454B901A4232 /* PayPalMobileCordovaPlugin.h */ = {isa = PBXFileReference; explicitFileType = undefined; fileEncoding = 4; includeInIndex = 0; lastKnownFileType = sourcecode.c.h; name = PayPalMobileCordovaPlugin.h; path = com.paypal.cordova.mobilesdk/PayPalMobileCordovaPlugin.h; sourceTree = "<group>"; };
		D1F0C59C9EF14181B88BC72B /* CDVViewController+SplashScreen.m */ = {isa = PBXFileReference; explicitFileType = undefined; fileEncoding = 4; includeInIndex = 0; lastKnownFileType = sourcecode.c.objc; name = "CDVViewController+SplashScreen.m"; path = "cordova-plugin-splashscreen/CDVViewController+SplashScreen.m"; sourceTree = "<group>"; };
		D4A811F8171E47C8A6A9B1D6 /* CFNetwork.framework */ = {isa = PBXFileReference; explicitFileType = undefined; fileEncoding = 9; includeInIndex = 0; lastKnownFileType = wrapper.framework; name = CFNetwork.framework; path = System/Library/Frameworks/CFNetwork.framework; sourceTree = SDKROOT; };
		D6A029DC541249E3A1F49837 /* SQLitePlugin.h */ = {isa = PBXFileReference; explicitFileType = undefined; fileEncoding = 4; includeInIndex = 0; lastKnownFileType = sourcecode.c.h; name = SQLitePlugin.h; path = "cordova-sqlite-storage/SQLitePlugin.h"; sourceTree = "<group>"; };
		D804D0D1761D4CD8AF04BCAD /* SafariServices.framework */ = {isa = PBXFileReference; explicitFileType = undefined; fileEncoding = 9; includeInIndex = 0; lastKnownFileType = wrapper.framework; name = SafariServices.framework; path = System/Library/Frameworks/SafariServices.framework; sourceTree = SDKROOT; };
		D833F123709A4D22BB38F678 /* SystemConfiguration.framework */ = {isa = PBXFileReference; explicitFileType = undefined; fileEncoding = 9; includeInIndex = 0; lastKnownFileType = wrapper.framework; name = SystemConfiguration.framework; path = System/Library/Frameworks/SystemConfiguration.framework; sourceTree = SDKROOT; };
		DC8B9872476F40B9B66D251B /* GCDWebServerErrorResponse.m */ = {isa = PBXFileReference; explicitFileType = undefined; fileEncoding = 4; includeInIndex = 0; lastKnownFileType = sourcecode.c.objc; name = GCDWebServerErrorResponse.m; path = "cordova-plugin-ionic-webview/GCDWebServerErrorResponse.m"; sourceTree = "<group>"; };
		DF1780E75DCE48B2967143F9 /* GCDWebServerDataResponse.h */ = {isa = PBXFileReference; explicitFileType = undefined; fileEncoding = 4; includeInIndex = 0; lastKnownFileType = sourcecode.c.h; name = GCDWebServerDataResponse.h; path = "cordova-plugin-ionic-webview/GCDWebServerDataResponse.h"; sourceTree = "<group>"; };
		DFF2FAD51DE34395A7F863A7 /* CoreLocation.framework */ = {isa = PBXFileReference; explicitFileType = undefined; fileEncoding = 9; includeInIndex = 0; lastKnownFileType = wrapper.framework; name = CoreLocation.framework; path = System/Library/Frameworks/CoreLocation.framework; sourceTree = SDKROOT; };
		E087127F43EE429CBF7465FA /* CDVWKWebViewUIDelegate.m */ = {isa = PBXFileReference; explicitFileType = undefined; fileEncoding = 4; includeInIndex = 0; lastKnownFileType = sourcecode.c.objc; name = CDVWKWebViewUIDelegate.m; path = "cordova-plugin-ionic-webview/CDVWKWebViewUIDelegate.m"; sourceTree = "<group>"; };
		E0D002D9746344A599E00481 /* libz.tbd */ = {isa = PBXFileReference; explicitFileType = undefined; fileEncoding = 9; includeInIndex = 0; lastKnownFileType = "sourcecode.text-based-dylib-definition"; name = libz.tbd; path = usr/lib/libz.tbd; sourceTree = SDKROOT; };
		E36E6B53750D4E229AF23431 /* GCDWebServerHTTPStatusCodes.h */ = {isa = PBXFileReference; explicitFileType = undefined; fileEncoding = 4; includeInIndex = 0; lastKnownFileType = sourcecode.c.h; name = GCDWebServerHTTPStatusCodes.h; path = "cordova-plugin-ionic-webview/GCDWebServerHTTPStatusCodes.h"; sourceTree = "<group>"; };
		E891065A8AAA412EBC8F0788 /* CoreMedia.framework */ = {isa = PBXFileReference; explicitFileType = undefined; fileEncoding = 9; includeInIndex = 0; lastKnownFileType = wrapper.framework; name = CoreMedia.framework; path = System/Library/Frameworks/CoreMedia.framework; sourceTree = SDKROOT; };
		EB14DB6C35A14446A37F1C3B /* CardIODetectionMode.h */ = {isa = PBXFileReference; explicitFileType = undefined; fileEncoding = 4; includeInIndex = 0; lastKnownFileType = sourcecode.c.h; name = CardIODetectionMode.h; path = card.io.cordova.mobilesdk/CardIODetectionMode.h; sourceTree = "<group>"; };
		EB87FDF31871DA8E0020F90C /* www */ = {isa = PBXFileReference; lastKnownFileType = folder; name = www; path = ../../www; sourceTree = "<group>"; };
		EB87FDF41871DAF40020F90C /* config.xml */ = {isa = PBXFileReference; lastKnownFileType = text.xml; name = config.xml; path = ../../config.xml; sourceTree = "<group>"; };
		ED33DF2A687741AEAF9F8254 /* Bridging-Header.h */ = {isa = PBXFileReference; fileEncoding = 4; lastKnownFileType = sourcecode.c.h; path = "Bridging-Header.h"; sourceTree = "<group>"; };
		EDA445F5D0DF498DBB09D106 /* Social.framework */ = {isa = PBXFileReference; explicitFileType = undefined; fileEncoding = 9; includeInIndex = 0; lastKnownFileType = wrapper.framework; name = Social.framework; path = System/Library/Frameworks/Social.framework; sourceTree = SDKROOT; };
		EF3CAA62A2F34AEBA83736CE /* libc++.dylib */ = {isa = PBXFileReference; explicitFileType = undefined; fileEncoding = 9; includeInIndex = 0; lastKnownFileType = "compiled.mach-o.dylib"; name = "libc++.dylib"; path = "usr/lib/libc++.dylib"; sourceTree = SDKROOT; };
		EFCA7F77077447008DD39514 /* GCDWebServerRequest.h */ = {isa = PBXFileReference; explicitFileType = undefined; fileEncoding = 4; includeInIndex = 0; lastKnownFileType = sourcecode.c.h; name = GCDWebServerRequest.h; path = "cordova-plugin-ionic-webview/GCDWebServerRequest.h"; sourceTree = "<group>"; };
		F097EFF91D0D40F4810DB403 /* GCDWebServerMultiPartFormRequest.m */ = {isa = PBXFileReference; explicitFileType = undefined; fileEncoding = 4; includeInIndex = 0; lastKnownFileType = sourcecode.c.objc; name = GCDWebServerMultiPartFormRequest.m; path = "cordova-plugin-ionic-webview/GCDWebServerMultiPartFormRequest.m"; sourceTree = "<group>"; };
		F396ECD80D714BBF9EB77138 /* GCDWebServer.m */ = {isa = PBXFileReference; explicitFileType = undefined; fileEncoding = 4; includeInIndex = 0; lastKnownFileType = sourcecode.c.objc; name = GCDWebServer.m; path = "cordova-plugin-ionic-webview/GCDWebServer.m"; sourceTree = "<group>"; };
		F558BE41D91E46F69D12530F /* CardIOView.h */ = {isa = PBXFileReference; explicitFileType = undefined; fileEncoding = 4; includeInIndex = 0; lastKnownFileType = sourcecode.c.h; name = CardIOView.h; path = card.io.cordova.mobilesdk/CardIOView.h; sourceTree = "<group>"; };
		F76E83D0F15543B8802D0D53 /* CardIOCordovaPlugin.m */ = {isa = PBXFileReference; explicitFileType = undefined; fileEncoding = 4; includeInIndex = 0; lastKnownFileType = sourcecode.c.objc; name = CardIOCordovaPlugin.m; path = card.io.cordova.mobilesdk/CardIOCordovaPlugin.m; sourceTree = "<group>"; };
		F840E1F0165FE0F500CFE078 /* config.xml */ = {isa = PBXFileReference; lastKnownFileType = text.xml; name = config.xml; path = Progetto/config.xml; sourceTree = "<group>"; };
		F9B88DECEB8D4CEB86DF9B61 /* GCDWebServerStreamedResponse.h */ = {isa = PBXFileReference; explicitFileType = undefined; fileEncoding = 4; includeInIndex = 0; lastKnownFileType = sourcecode.c.h; name = GCDWebServerStreamedResponse.h; path = "cordova-plugin-ionic-webview/GCDWebServerStreamedResponse.h"; sourceTree = "<group>"; };
		FCBFF4CB0E1645F0A8335491 /* MessageUI.framework */ = {isa = PBXFileReference; explicitFileType = undefined; fileEncoding = 9; includeInIndex = 0; lastKnownFileType = wrapper.framework; name = MessageUI.framework; path = System/Library/Frameworks/MessageUI.framework; sourceTree = SDKROOT; };
		FD45B920DD774EC194242793 /* GCDWebServerDataResponse.m */ = {isa = PBXFileReference; explicitFileType = undefined; fileEncoding = 4; includeInIndex = 0; lastKnownFileType = sourcecode.c.objc; name = GCDWebServerDataResponse.m; path = "cordova-plugin-ionic-webview/GCDWebServerDataResponse.m"; sourceTree = "<group>"; };
		FD8C7CDB44284A8CA1ECE4E0 /* GCDWebServerResponse.h */ = {isa = PBXFileReference; explicitFileType = undefined; fileEncoding = 4; includeInIndex = 0; lastKnownFileType = sourcecode.c.h; name = GCDWebServerResponse.h; path = "cordova-plugin-ionic-webview/GCDWebServerResponse.h"; sourceTree = "<group>"; };
		FEFB093E9618479E83B949B5 /* GCDWebServerDataRequest.m */ = {isa = PBXFileReference; explicitFileType = undefined; fileEncoding = 4; includeInIndex = 0; lastKnownFileType = sourcecode.c.objc; name = GCDWebServerDataRequest.m; path = "cordova-plugin-ionic-webview/GCDWebServerDataRequest.m"; sourceTree = "<group>"; };
/* End PBXFileReference section */

/* Begin PBXFrameworksBuildPhase section */
		1D60588F0D05DD3D006BFB54 /* Frameworks */ = {
			isa = PBXFrameworksBuildPhase;
			buildActionMask = 2147483647;
			files = (
				301BF552109A68D80062928A /* libCordova.a in Frameworks */,
				B7635777593549FEA4AA3C92 /* MediaPlayer.framework in Frameworks */,
				4A40E0A1A8184C0A90D12251 /* libz.tbd in Frameworks */,
				F53409E2F26746ABA08A91F8 /* WebKit.framework in Frameworks */,
				B890E0EDAAEB4288994121DB /* Social.framework in Frameworks */,
				BC90499156DE4DC2A16D2CB9 /* MessageUI.framework in Frameworks */,
				5CBCDEF59D9B4BACA41B3CBA /* libCardIO.a in Frameworks */,
				5F4560BF1D6340CFBEA646A8 /* libopencv_core.a in Frameworks */,
				BAF9AB73A54D4A1C8EC41E8B /* libopencv_imgproc.a in Frameworks */,
				01FCF1EBBA4045228DC5B240 /* Accelerate.framework in Frameworks */,
				16A1B5DF626A438999E82CFE /* AudioToolbox.framework in Frameworks */,
				44F74E9EE4824BF09A04C0B8 /* AVFoundation.framework in Frameworks */,
				4F47040BD05E4C4C93522E13 /* CoreMedia.framework in Frameworks */,
				5C720B0D85C640DBB4C08940 /* CoreVideo.framework in Frameworks */,
				A4B1C1E980E04A1CB5F8BC12 /* Foundation.framework in Frameworks */,
				6B2C11BDA5F046C295BFBF4A /* OpenGLES.framework in Frameworks */,
				B20E5D2000C54C8EBF2AB129 /* QuartzCore.framework in Frameworks */,
				61D852A0B52C43298C0E51C6 /* Security.framework in Frameworks */,
				4FC528E0E99E43B9BEBBFB14 /* UIKit.framework in Frameworks */,
				0792754BBCE14B09874FBC8B /* libc++.dylib in Frameworks */,
				08F17011426D43D88315D7B3 /* libPayPalMobile.a in Frameworks */,
				D1B7D828836A478485424F81 /* CFNetwork.framework in Frameworks */,
				5B2618B2A0F545B59414EF20 /* CoreLocation.framework in Frameworks */,
				1E04C33401034C90990BBF69 /* SafariServices.framework in Frameworks */,
				4103CF4824EB4893BB182E3D /* SystemConfiguration.framework in Frameworks */,
				E550307A90CC479096C335F1 /* libPayPalMobile.a in Frameworks */,
			);
			runOnlyForDeploymentPostprocessing = 0;
		};
/* End PBXFrameworksBuildPhase section */

/* Begin PBXGroup section */
		080E96DDFE201D6D7F000001 /* Classes */ = {
			isa = PBXGroup;
			children = (
				302D95EE14D2391D003F00A1 /* MainViewController.h */,
				302D95EF14D2391D003F00A1 /* MainViewController.m */,
				302D95F014D2391D003F00A1 /* MainViewController.xib */,
				1D3623240D0F684500981E51 /* AppDelegate.h */,
				1D3623250D0F684500981E51 /* AppDelegate.m */,
			);
			name = Classes;
			path = Progetto/Classes;
			sourceTree = SOURCE_ROOT;
		};
		19C28FACFE9D520D11CA2CBB /* Products */ = {
			isa = PBXGroup;
			children = (
				1D6058910D05DD3D006BFB54 /* Progetto.app */,
			);
			name = Products;
			sourceTree = "<group>";
		};
		29B97314FDCFA39411CA2CEA /* CustomTemplate */ = {
			isa = PBXGroup;
			children = (
				EB87FDF41871DAF40020F90C /* config.xml */,
				EB87FDF31871DA8E0020F90C /* www */,
				EB87FDF11871DA420020F90C /* Staging */,
				301BF52D109A57CC0062928A /* CordovaLib/CordovaLib.xcodeproj */,
				080E96DDFE201D6D7F000001 /* Classes */,
				307C750510C5A3420062BCA9 /* Plugins */,
				29B97315FDCFA39411CA2CEA /* Other Sources */,
				29B97317FDCFA39411CA2CEA /* Resources */,
				552EBD9C20AD32F000C7805C /* OneSignalNotificationServiceExtension */,
				29B97323FDCFA39411CA2CEA /* Frameworks */,
				19C28FACFE9D520D11CA2CBB /* Products */,
			);
			name = CustomTemplate;
			sourceTree = "<group>";
		};
		29B97315FDCFA39411CA2CEA /* Other Sources */ = {
			isa = PBXGroup;
			children = (
				32CA4F630368D1EE00C91783 /* Progetto-Prefix.pch */,
				29B97316FDCFA39411CA2CEA /* main.m */,
				ED33DF2A687741AEAF9F8254 /* Bridging-Header.h */,
			);
			name = "Other Sources";
			path = Progetto;
			sourceTree = "<group>";
		};
		29B97317FDCFA39411CA2CEA /* Resources */ = {
			isa = PBXGroup;
			children = (
				0207DA571B56EA530066E2B4 /* Images.xcassets */,
				3047A50E1AB8057F00498E2A /* config */,
				8D1107310486CEB800E47090 /* Progetto-Info.plist */,
				6AFF5BF81D6E424B00AB3073 /* CDVLaunchScreen.storyboard */,
			);
			name = Resources;
			path = Progetto/Resources;
			sourceTree = "<group>";
		};
		29B97323FDCFA39411CA2CEA /* Frameworks */ = {
			isa = PBXGroup;
			children = (
				5D146AC56E32417393D2CF05 /* MediaPlayer.framework */,
				E0D002D9746344A599E00481 /* libz.tbd */,
				6EDB64E29FB747AEAB9F4E9C /* WebKit.framework */,
				EDA445F5D0DF498DBB09D106 /* Social.framework */,
				FCBFF4CB0E1645F0A8335491 /* MessageUI.framework */,
				552EBD9820AD32F000C7805C /* UserNotifications.framework */,
				552EBD9A20AD32F000C7805C /* UserNotificationsUI.framework */,
				CC78F78796164E0FBABDD8A8 /* libCardIO.a */,
				1E2C0C8380C84D81B863FA34 /* libopencv_core.a */,
				72DF21935E624E389324A50D /* libopencv_imgproc.a */,
				9DB58F9B34BD45C98C3E6F82 /* Accelerate.framework */,
				960A63B84F674E36B9F72D98 /* AudioToolbox.framework */,
				15CA71D8163F4F6C8D7229BF /* AVFoundation.framework */,
				E891065A8AAA412EBC8F0788 /* CoreMedia.framework */,
				C7B57082A4E447CE837C1303 /* CoreVideo.framework */,
				41272FA96A384AB893717390 /* Foundation.framework */,
				CF7B45ACC7394A8688D1F66D /* OpenGLES.framework */,
				6553333A7EFF48F890660B4C /* QuartzCore.framework */,
				C02FEA7CA08642A98295BBCE /* Security.framework */,
				0E9EDF1A424B4BA68D3E00F3 /* UIKit.framework */,
				EF3CAA62A2F34AEBA83736CE /* libc++.dylib */,
				293BBC1361F04CDDB888763F /* libPayPalMobile.a */,
				D4A811F8171E47C8A6A9B1D6 /* CFNetwork.framework */,
				DFF2FAD51DE34395A7F863A7 /* CoreLocation.framework */,
				D804D0D1761D4CD8AF04BCAD /* SafariServices.framework */,
				D833F123709A4D22BB38F678 /* SystemConfiguration.framework */,
				CEEBEBE2A78C4AFD9E6F2997 /* libPayPalMobile.a */,
			);
			name = Frameworks;
			sourceTree = "<group>";
		};
		301BF52E109A57CC0062928A /* Products */ = {
			isa = PBXGroup;
			children = (
				301BF535109A57CC0062928A /* libCordova.a */,
				551552C420AA9E5D00918BDA /* Cordova.framework */,
			);
			name = Products;
			sourceTree = "<group>";
		};
		3047A50E1AB8057F00498E2A /* config */ = {
			isa = PBXGroup;
			children = (
				3047A50F1AB8059700498E2A /* build-debug.xcconfig */,
				3047A5101AB8059700498E2A /* build-release.xcconfig */,
				3047A5111AB8059700498E2A /* build.xcconfig */,
			);
			name = config;
			sourceTree = "<group>";
		};
		307C750510C5A3420062BCA9 /* Plugins */ = {
			isa = PBXGroup;
			children = (
				CDC04F46711641BA9FBC0A28 /* StreamingMedia.m */,
				460E16267029446FA58F2011 /* StreamingMedia.h */,
				898BCA6B4E24476788D9C898 /* CDVDevice.m */,
				6044967F8133457CBDBD90E6 /* CDVDevice.h */,
				3DF0421F759542B7B12D88ED /* CDVInAppBrowser.m */,
				CEB823ACD0664E4584FB9D4D /* CDVInAppBrowser.h */,
				9E3D38DC0C4B43BA8AE1B897 /* CDVIonicKeyboard.m */,
				3DB4C9D037F8449FBF81FA38 /* CDVIonicKeyboard.h */,
				582F87A67602487EBC32F67F /* CDVWKWebViewEngine.m */,
				E087127F43EE429CBF7465FA /* CDVWKWebViewUIDelegate.m */,
				A1FBB90620D64E36B0EAEC06 /* CDVWKProcessPoolFactory.m */,
				F396ECD80D714BBF9EB77138 /* GCDWebServer.m */,
				891CF7683CA5498A908F89A5 /* GCDWebServerConnection.m */,
				C37EC968455C4A7C966953AA /* GCDWebServerFunctions.m */,
				6D69377A59D14DEAB953502B /* GCDWebServerRequest.m */,
				BE4801009E8B40BCABB6F71E /* GCDWebServerResponse.m */,
				FEFB093E9618479E83B949B5 /* GCDWebServerDataRequest.m */,
				095127E8D188401587FC75EA /* GCDWebServerFileRequest.m */,
				F097EFF91D0D40F4810DB403 /* GCDWebServerMultiPartFormRequest.m */,
				05FC7561B6C34D57861F1613 /* GCDWebServerURLEncodedFormRequest.m */,
				FD45B920DD774EC194242793 /* GCDWebServerDataResponse.m */,
				DC8B9872476F40B9B66D251B /* GCDWebServerErrorResponse.m */,
				12FD14C390774391B78FEA99 /* GCDWebServerFileResponse.m */,
				54E192DC431F4FA89AB5FC66 /* GCDWebServerStreamedResponse.m */,
				910A724D63FD47C18E978C88 /* CDVWKWebViewEngine.h */,
				3CB6A4ED2250494483A9EF82 /* CDVWKWebViewUIDelegate.h */,
				1EE6F0DAC18F48B29F00D8AC /* CDVWKProcessPoolFactory.h */,
				B03666B4A29E452DA1AA9726 /* GCDWebServer.h */,
				700DC9412FF24A4FA8D74ADB /* GCDWebServerConnection.h */,
				64674737F84E4BA9B53DADED /* GCDWebServerFunctions.h */,
				E36E6B53750D4E229AF23431 /* GCDWebServerHTTPStatusCodes.h */,
				B84143678C6D49388237BE09 /* GCDWebServerPrivate.h */,
				EFCA7F77077447008DD39514 /* GCDWebServerRequest.h */,
				FD8C7CDB44284A8CA1ECE4E0 /* GCDWebServerResponse.h */,
				C6B19BB02F0E4EC1802269E9 /* GCDWebServerDataRequest.h */,
				CA64C5D8156E4FE4A6A10866 /* GCDWebServerFileRequest.h */,
				A0CA730FC6F7474D97D93B09 /* GCDWebServerMultiPartFormRequest.h */,
				1BCBC32313914059B8618E5E /* GCDWebServerURLEncodedFormRequest.h */,
				DF1780E75DCE48B2967143F9 /* GCDWebServerDataResponse.h */,
				C375E0EDAA574366BA8D0867 /* GCDWebServerErrorResponse.h */,
				3300E5626EB4494A8111156E /* GCDWebServerFileResponse.h */,
				F9B88DECEB8D4CEB86DF9B61 /* GCDWebServerStreamedResponse.h */,
				3278287E134442C583FAA2EE /* CDVSplashScreen.m */,
				D1F0C59C9EF14181B88BC72B /* CDVViewController+SplashScreen.m */,
				22684F76E28246F1AA83BE95 /* CDVSplashScreen.h */,
				20147A8EFF8844438F7A82D8 /* CDVViewController+SplashScreen.h */,
				2DDBF67AC26041BDA99A8FE9 /* NSString+SSURLEncoding.m */,
				C8740F92B4AC421CB6D81717 /* SocialSharing.m */,
				B31FE0333ABD48698A1C7C34 /* NSString+SSURLEncoding.h */,
				93FB0EF16DC54BBFBBAD4031 /* SocialSharing.h */,
				B351C55B36494455B3C77F90 /* SQLitePlugin.m */,
				C707C4D107D7471FB65FDB21 /* PSPDFThreadSafeMutableDictionary.m */,
				C3B742AF9E50420F9519D536 /* sqlite3.c */,
				D6A029DC541249E3A1F49837 /* SQLitePlugin.h */,
				317CE11F34FB4930B321BD68 /* PSPDFThreadSafeMutableDictionary.h */,
				9520E4D2B2444ADABBC8684E /* sqlite3.h */,
				1F704FB3A1C747B1BD343B71 /* IonicKeyboard.m */,
				1D014C450E054E4696451B67 /* IonicKeyboard.h */,
				F76E83D0F15543B8802D0D53 /* CardIOCordovaPlugin.m */,
				CF80061A9CF14A119D0B3F21 /* CardIOCordovaPlugin.h */,
				7B56915E84F24A548AEFEFDC /* CardIO.h */,
				5E8583FE5E5B481E95A7F68B /* CardIOCreditCardInfo.h */,
				EB14DB6C35A14446A37F1C3B /* CardIODetectionMode.h */,
				844F998CAF88473DB606630F /* CardIOPaymentViewController.h */,
				098777488EFB41C18E9F81BD /* CardIOPaymentViewControllerDelegate.h */,
				30F25FBF037249FC9985083D /* CardIOUtilities.h */,
				F558BE41D91E46F69D12530F /* CardIOView.h */,
				A9577C95CF2C46208888EC7C /* CardIOViewDelegate.h */,
				50C5739D5AAC4C2EB8A0EFDB /* PayPalMobileCordovaPlugin.m */,
				D10960E44FD7454B901A4232 /* PayPalMobileCordovaPlugin.h */,
				7FCAE290ED564A4EAC363490 /* PayPalConfiguration.h */,
				A63AD16A73A7496CA2B0097E /* PayPalFuturePaymentViewController.h */,
				4FE1C5533508413494426629 /* PayPalMobile.h */,
				9F0379A8553448B9AA3D1062 /* PayPalOAuthScopes.h */,
				AA8F43E0389A4343B3443097 /* PayPalPayment.h */,
				0EC5EECEB450494599F7AD6E /* PayPalPaymentViewController.h */,
				AF54A92B125A4BD690BF55DE /* PayPalProfileSharingViewController.h */,
			);
			name = Plugins;
			path = Progetto/Plugins;
			sourceTree = SOURCE_ROOT;
		};
		552EBD9C20AD32F000C7805C /* OneSignalNotificationServiceExtension */ = {
			isa = PBXGroup;
			children = (
				552EBD9D20AD32F000C7805C /* NotificationViewController.h */,
				552EBD9E20AD32F000C7805C /* NotificationViewController.m */,
				552EBDA020AD32F000C7805C /* MainInterface.storyboard */,
				552EBDA320AD32F000C7805C /* Info.plist */,
			);
			path = OneSignalNotificationServiceExtension;
			sourceTree = "<group>";
		};
		EB87FDF11871DA420020F90C /* Staging */ = {
			isa = PBXGroup;
			children = (
				F840E1F0165FE0F500CFE078 /* config.xml */,
				301BF56E109A69640062928A /* www */,
			);
			name = Staging;
			sourceTree = "<group>";
		};
/* End PBXGroup section */

/* Begin PBXNativeTarget section */
		1D6058900D05DD3D006BFB54 /* Progetto */ = {
			isa = PBXNativeTarget;
			buildConfigurationList = 1D6058960D05DD3E006BFB54 /* Build configuration list for PBXNativeTarget "Progetto" */;
			buildPhases = (
				304B58A110DAC018002A0835 /* Copy www directory */,
				1D60588D0D05DD3D006BFB54 /* Resources */,
				1D60588E0D05DD3D006BFB54 /* Sources */,
				1D60588F0D05DD3D006BFB54 /* Frameworks */,
				552EBDAA20AD32F000C7805C /* Embed App Extensions */,
			);
			buildRules = (
			);
			dependencies = (
				301BF551109A68C00062928A /* PBXTargetDependency */,
			);
			name = Progetto;
			productName = Progetto;
			productReference = 1D6058910D05DD3D006BFB54 /* Progetto.app */;
			productType = "com.apple.product-type.application";
		};
/* End PBXNativeTarget section */

/* Begin PBXProject section */
		29B97313FDCFA39411CA2CEA /* Project object */ = {
			isa = PBXProject;
			attributes = {
				LastUpgradeCheck = 510;
				TargetAttributes = {
					1D6058900D05DD3D006BFB54 = {
						DevelopmentTeam = KSM2K49423;
						ProvisioningStyle = Automatic;
						SystemCapabilities = {
							com.apple.ApplicationGroups.iOS = {
								enabled = 0;
							};
							com.apple.BackgroundModes = {
								enabled = 0;
							};
							com.apple.DataProtection = {
								enabled = 0;
							};
							com.apple.GameCenter.iOS = {
								enabled = 0;
							};
							com.apple.Push = {
								enabled = 1;
							};
							com.apple.Siri = {
								enabled = 0;
							};
						};
					};
				};
			};
			buildConfigurationList = C01FCF4E08A954540054247B /* Build configuration list for PBXProject "Progetto" */;
			compatibilityVersion = "Xcode 3.2";
			developmentRegion = English;
			hasScannedForEncodings = 1;
			knownRegions = (
				en,
				Base,
			);
			mainGroup = 29B97314FDCFA39411CA2CEA /* CustomTemplate */;
			projectDirPath = "";
			projectReferences = (
				{
					ProductGroup = 301BF52E109A57CC0062928A /* Products */;
					ProjectRef = 301BF52D109A57CC0062928A /* CordovaLib/CordovaLib.xcodeproj */;
				},
			);
			projectRoot = "";
			targets = (
				1D6058900D05DD3D006BFB54 /* Progetto */,
			);
		};
/* End PBXProject section */

/* Begin PBXReferenceProxy section */
		301BF535109A57CC0062928A /* libCordova.a */ = {
			isa = PBXReferenceProxy;
			fileType = archive.ar;
			path = libCordova.a;
			remoteRef = 301BF534109A57CC0062928A /* PBXContainerItemProxy */;
			sourceTree = BUILT_PRODUCTS_DIR;
		};
		551552C420AA9E5D00918BDA /* Cordova.framework */ = {
			isa = PBXReferenceProxy;
			fileType = wrapper.framework;
			path = Cordova.framework;
			remoteRef = 551552C320AA9E5D00918BDA /* PBXContainerItemProxy */;
			sourceTree = BUILT_PRODUCTS_DIR;
		};
/* End PBXReferenceProxy section */

/* Begin PBXResourcesBuildPhase section */
		1D60588D0D05DD3D006BFB54 /* Resources */ = {
			isa = PBXResourcesBuildPhase;
			buildActionMask = 2147483647;
			files = (
				302D95F214D2391D003F00A1 /* MainViewController.xib in Resources */,
				0207DA581B56EA530066E2B4 /* Images.xcassets in Resources */,
				6AFF5BF91D6E424B00AB3073 /* CDVLaunchScreen.storyboard in Resources */,
			);
			runOnlyForDeploymentPostprocessing = 0;
		};
/* End PBXResourcesBuildPhase section */

/* Begin PBXShellScriptBuildPhase section */
		304B58A110DAC018002A0835 /* Copy www directory */ = {
			isa = PBXShellScriptBuildPhase;
			buildActionMask = 2147483647;
			files = (
			);
			inputPaths = (
			);
			name = "Copy www directory";
			outputPaths = (
			);
			runOnlyForDeploymentPostprocessing = 0;
			shellPath = /bin/sh;
			shellScript = "NODEJS_PATH=/usr/local/bin; NVM_NODE_PATH=~/.nvm/versions/node/`nvm version 2>/dev/null`/bin; N_NODE_PATH=`find /usr/local/n/versions/node/* -maxdepth 0 -type d 2>/dev/null | tail -1`/bin; XCODE_NODE_PATH=`xcode-select --print-path`/usr/share/xcs/Node/bin; PATH=$NODEJS_PATH:$NVM_NODE_PATH:$N_NODE_PATH:$XCODE_NODE_PATH:$PATH && node cordova/lib/copy-www-build-step.js";
			showEnvVarsInLog = 0;
		};
/* End PBXShellScriptBuildPhase section */

/* Begin PBXSourcesBuildPhase section */
		1D60588E0D05DD3D006BFB54 /* Sources */ = {
			isa = PBXSourcesBuildPhase;
			buildActionMask = 2147483647;
			files = (
				1D60589B0D05DD56006BFB54 /* main.m in Sources */,
				1D3623260D0F684500981E51 /* AppDelegate.m in Sources */,
				302D95F114D2391D003F00A1 /* MainViewController.m in Sources */,
				012A8E49026540BD9D05129F /* StreamingMedia.m in Sources */,
				39CFAA76342640BA830FD971 /* CDVDevice.m in Sources */,
				AE16EA90954745B8AB9C8B5F /* CDVInAppBrowser.m in Sources */,
				05330D06469D42E19B94E1BB /* CDVIonicKeyboard.m in Sources */,
				171B4342FB4A45839BA4CF4C /* CDVWKWebViewEngine.m in Sources */,
				7E53ABC4A8964B0A99720A5E /* CDVWKWebViewUIDelegate.m in Sources */,
				8054E3B16EDE4DE5B0C29AB4 /* CDVWKProcessPoolFactory.m in Sources */,
				D7BD321954F244C681A71B8F /* GCDWebServer.m in Sources */,
				D7D6789437814CD3858A74DF /* GCDWebServerConnection.m in Sources */,
				D2552D30A9D44D438AE0373F /* GCDWebServerFunctions.m in Sources */,
				BA5A3338B8184B55AB9470A3 /* GCDWebServerRequest.m in Sources */,
				956269E3447B499AB1E3594D /* GCDWebServerResponse.m in Sources */,
				796D12652D344176970B0202 /* GCDWebServerDataRequest.m in Sources */,
				C8971C8CFFD642D0B638E681 /* GCDWebServerFileRequest.m in Sources */,
				F298522AD4804474A9BA520C /* GCDWebServerMultiPartFormRequest.m in Sources */,
				EE663E043D9A4FE3A1F4936E /* GCDWebServerURLEncodedFormRequest.m in Sources */,
				E540C208B04E46489949B60C /* GCDWebServerDataResponse.m in Sources */,
				F2E4DED663A24C3B81BAAA66 /* GCDWebServerErrorResponse.m in Sources */,
				EBAE0B4A5A214F00A8F4CB25 /* GCDWebServerFileResponse.m in Sources */,
				7820F2812BA84A3294B152BB /* GCDWebServerStreamedResponse.m in Sources */,
				DC19139B355E4564AD2F5BE2 /* CDVSplashScreen.m in Sources */,
				E7238196249D4629BA509C59 /* CDVViewController+SplashScreen.m in Sources */,
				4AA0CDD5BA4E42EE946D57A6 /* NSString+SSURLEncoding.m in Sources */,
				9D0C8EC3030A42DB971829F2 /* SocialSharing.m in Sources */,
				E82D71C7AD9A4CF2ADC2577B /* SQLitePlugin.m in Sources */,
				2D4D921A6DB943D6BAFA3AC5 /* PSPDFThreadSafeMutableDictionary.m in Sources */,
				97EFF5FD831A4FD891C85142 /* sqlite3.c in Sources */,
				325574BE15394401815AEEEE /* IonicKeyboard.m in Sources */,
				760F0B77C3D340A6A8F32E81 /* CardIOCordovaPlugin.m in Sources */,
				9CEDA7F7CA454CFD8BFA428E /* PayPalMobileCordovaPlugin.m in Sources */,
			);
			runOnlyForDeploymentPostprocessing = 0;
		};
/* End PBXSourcesBuildPhase section */

/* Begin PBXTargetDependency section */
		301BF551109A68C00062928A /* PBXTargetDependency */ = {
			isa = PBXTargetDependency;
			name = CordovaLib;
			targetProxy = 301BF550109A68C00062928A /* PBXContainerItemProxy */;
		};
/* End PBXTargetDependency section */

/* Begin PBXVariantGroup section */
		552EBDA020AD32F000C7805C /* MainInterface.storyboard */ = {
			isa = PBXVariantGroup;
			children = (
				552EBDA120AD32F000C7805C /* Base */,
			);
			name = MainInterface.storyboard;
			sourceTree = "<group>";
		};
/* End PBXVariantGroup section */

/* Begin XCBuildConfiguration section */
		1D6058940D05DD3E006BFB54 /* Debug */ = {
			isa = XCBuildConfiguration;
			baseConfigurationReference = 3047A50F1AB8059700498E2A /* build-debug.xcconfig */;
			buildSettings = {
				ALWAYS_SEARCH_USER_PATHS = NO;
				ASSETCATALOG_COMPILER_APPICON_NAME = AppIcon;
				ASSETCATALOG_COMPILER_LAUNCHIMAGE_NAME = LaunchImage;
				CLANG_ENABLE_MODULES = YES;
				CLANG_ENABLE_OBJC_ARC = YES;
				CODE_SIGN_IDENTITY = "iPhone Developer";
				CODE_SIGN_STYLE = Automatic;
				COPY_PHASE_STRIP = NO;
				DEVELOPMENT_TEAM = KSM2K49423;
				GCC_DYNAMIC_NO_PIC = NO;
				GCC_OPTIMIZATION_LEVEL = 0;
				GCC_PRECOMPILE_PREFIX_HEADER = YES;
				GCC_PREFIX_HEADER = "Progetto/Progetto-Prefix.pch";
				GCC_THUMB_SUPPORT = NO;
				GCC_VERSION = "";
				INFOPLIST_FILE = "Progetto/Progetto-Info.plist";
				IPHONEOS_DEPLOYMENT_TARGET = 9.1;
				LD_RUNPATH_SEARCH_PATHS = "@executable_path/Frameworks";
				LIBRARY_SEARCH_PATHS = (
					"$(inherited)",
					"\"$(SRCROOT)/Progetto/Plugins/card.io.cordova.mobilesdk\"",
					"\"$(SRCROOT)/Progetto/Plugins/card.io.cordova.mobilesdk\"",
					"\"$(SRCROOT)/Progetto/Plugins/card.io.cordova.mobilesdk\"",
					"\"$(SRCROOT)/Progetto/Plugins/com.paypal.cordova.mobilesdk\"",
				);
				PRODUCT_NAME = Progetto;
				PROVISIONING_PROFILE_SPECIFIER = "";
				TARGETED_DEVICE_FAMILY = "1,2";
			};
			name = Debug;
		};
		1D6058950D05DD3E006BFB54 /* Release */ = {
			isa = XCBuildConfiguration;
			baseConfigurationReference = 3047A5101AB8059700498E2A /* build-release.xcconfig */;
			buildSettings = {
				ALWAYS_SEARCH_USER_PATHS = NO;
				ASSETCATALOG_COMPILER_APPICON_NAME = AppIcon;
				ASSETCATALOG_COMPILER_LAUNCHIMAGE_NAME = LaunchImage;
				CLANG_ENABLE_MODULES = YES;
				CLANG_ENABLE_OBJC_ARC = YES;
				CODE_SIGN_IDENTITY = "iPhone Developer";
				CODE_SIGN_STYLE = Automatic;
				COPY_PHASE_STRIP = YES;
				DEVELOPMENT_TEAM = KSM2K49423;
				GCC_PRECOMPILE_PREFIX_HEADER = YES;
				GCC_PREFIX_HEADER = "Progetto/Progetto-Prefix.pch";
				GCC_THUMB_SUPPORT = NO;
				GCC_VERSION = "";
				INFOPLIST_FILE = "Progetto/Progetto-Info.plist";
				IPHONEOS_DEPLOYMENT_TARGET = 9.1;
				LD_RUNPATH_SEARCH_PATHS = "@executable_path/Frameworks";
				LIBRARY_SEARCH_PATHS = (
					"$(inherited)",
					"\"$(SRCROOT)/Progetto/Plugins/card.io.cordova.mobilesdk\"",
					"\"$(SRCROOT)/Progetto/Plugins/card.io.cordova.mobilesdk\"",
					"\"$(SRCROOT)/Progetto/Plugins/card.io.cordova.mobilesdk\"",
					"\"$(SRCROOT)/Progetto/Plugins/com.paypal.cordova.mobilesdk\"",
				);
				PRODUCT_NAME = Progetto;
				PROVISIONING_PROFILE_SPECIFIER = "";
				TARGETED_DEVICE_FAMILY = "1,2";
			};
			name = Release;
		};
		C01FCF4F08A954540054247B /* Debug */ = {
			isa = XCBuildConfiguration;
			baseConfigurationReference = 3047A5111AB8059700498E2A /* build.xcconfig */;
			buildSettings = {
				CLANG_ENABLE_MODULES = YES;
				CLANG_ENABLE_OBJC_ARC = YES;
				CLANG_WARN_BOOL_CONVERSION = YES;
				CLANG_WARN_CONSTANT_CONVERSION = YES;
				CLANG_WARN_EMPTY_BODY = YES;
				CLANG_WARN_ENUM_CONVERSION = YES;
				CLANG_WARN_INT_CONVERSION = YES;
				CLANG_WARN__DUPLICATE_METHOD_MATCH = YES;
				GCC_C_LANGUAGE_STANDARD = c99;
				GCC_THUMB_SUPPORT = NO;
				GCC_VERSION = "";
				GCC_WARN_ABOUT_RETURN_TYPE = YES;
				GCC_WARN_UNDECLARED_SELECTOR = YES;
				GCC_WARN_UNINITIALIZED_AUTOS = YES;
				GCC_WARN_UNUSED_FUNCTION = YES;
				GCC_WARN_UNUSED_VARIABLE = YES;
				IPHONEOS_DEPLOYMENT_TARGET = 9.3;
				ONLY_ACTIVE_ARCH = YES;
				SDKROOT = iphoneos;
				SKIP_INSTALL = NO;
			};
			name = Debug;
		};
		C01FCF5008A954540054247B /* Release */ = {
			isa = XCBuildConfiguration;
			baseConfigurationReference = 3047A5111AB8059700498E2A /* build.xcconfig */;
			buildSettings = {
				CLANG_ENABLE_MODULES = YES;
				CLANG_ENABLE_OBJC_ARC = YES;
				CLANG_WARN_BOOL_CONVERSION = YES;
				CLANG_WARN_CONSTANT_CONVERSION = YES;
				CLANG_WARN_EMPTY_BODY = YES;
				CLANG_WARN_ENUM_CONVERSION = YES;
				CLANG_WARN_INT_CONVERSION = YES;
				CLANG_WARN__DUPLICATE_METHOD_MATCH = YES;
				GCC_C_LANGUAGE_STANDARD = c99;
				GCC_THUMB_SUPPORT = NO;
				GCC_VERSION = "";
				GCC_WARN_ABOUT_RETURN_TYPE = YES;
				GCC_WARN_UNDECLARED_SELECTOR = YES;
				GCC_WARN_UNINITIALIZED_AUTOS = YES;
				GCC_WARN_UNUSED_FUNCTION = YES;
				GCC_WARN_UNUSED_VARIABLE = YES;
				IPHONEOS_DEPLOYMENT_TARGET = 9.3;
				SDKROOT = iphoneos;
				SKIP_INSTALL = NO;
			};
			name = Release;
		};
/* End XCBuildConfiguration section */

/* Begin XCConfigurationList section */
		1D6058960D05DD3E006BFB54 /* Build configuration list for PBXNativeTarget "Progetto" */ = {
			isa = XCConfigurationList;
			buildConfigurations = (
				1D6058940D05DD3E006BFB54 /* Debug */,
				1D6058950D05DD3E006BFB54 /* Release */,
			);
			defaultConfigurationIsVisible = 0;
			defaultConfigurationName = Release;
		};
		C01FCF4E08A954540054247B /* Build configuration list for PBXProject "Progetto" */ = {
			isa = XCConfigurationList;
			buildConfigurations = (
				C01FCF4F08A954540054247B /* Debug */,
				C01FCF5008A954540054247B /* Release */,
			);
			defaultConfigurationIsVisible = 0;
			defaultConfigurationName = Release;
		};
/* End XCConfigurationList section */
	};
	rootObject = 29B97313FDCFA39411CA2CEA /* Project object */;
}
